
Microsoft Visual Studio Solution File, Format Version 12.00
# Visual Studio 14
VisualStudioVersion = 14.0.25420.1
MinimumVisualStudioVersion = 10.0.40219.1
Project("{2150E333-8FDC-42A3-9474-1A3956D46DE8}") = "src", "src", "{C06E892E-1774-43B7-A772-A18DBEC862D5}"
EndProject
Project("{2150E333-8FDC-42A3-9474-1A3956D46DE8}") = "Solution Items", "Solution Items", "{96F42331-09E9-4A65-871E-0B4594E0D469}"
	ProjectSection(SolutionItems) = preProject
		global.json = global.json
	EndProjectSection
EndProject
Project("{8BB2217D-0F2D-49D1-97BC-3654ED321F3B}") = "NiHaoCookie", "src\NiHaoCookie\NiHaoCookie.xproj", "{299908A2-D0B0-448A-9526-D31FBD16D447}"
EndProject
Global
	GlobalSection(SolutionConfigurationPlatforms) = preSolution
		Debug|Any CPU = Debug|Any CPU
		Release|Any CPU = Release|Any CPU
	EndGlobalSection
	GlobalSection(ProjectConfigurationPlatforms) = postSolution
		{299908A2-D0B0-448A-9526-D31FBD16D447}.Debug|Any CPU.ActiveCfg = Debug|Any CPU
		{299908A2-D0B0-448A-9526-D31FBD16D447}.Debug|Any CPU.Build.0 = Debug|Any CPU
		{299908A2-D0B0-448A-9526-D31FBD16D447}.Release|Any CPU.ActiveCfg = Release|Any CPU
		{299908A2-D0B0-448A-9526-D31FBD16D447}.Release|Any CPU.Build.0 = Release|Any CPU
	EndGlobalSection
	GlobalSection(SolutionProperties) = preSolution
		HideSolutionNode = FALSE
	EndGlobalSection
	GlobalSection(NestedProjects) = preSolution
		{299908A2-D0B0-448A-9526-D31FBD16D447} = {C06E892E-1774-43B7-A772-A18DBEC862D5}
	EndGlobalSection
EndGlobal
